
Microsoft Visual Studio Solution File, Format Version 9.00
# Visual Studio 2005
Project("{8BC9CEB8-8B4A-11D0-8D11-00A0C91BC942}") = "puss", "puss.vcproj", "{B4C6ACCC-CA92-520F-4B58-EFA5F3BEB52E}"
EndProject
Project("{2150E333-8FDC-42A3-9474-1A3956D46DE8}") = "extends", "extends", "{1FA2A3CA-86BD-4F54-8D1E-67A9EECC4182}"
EndProject
Project("{8BC9CEB8-8B4A-11D0-8D11-00A0C91BC942}") = "ljcs", "extends\ljcs\ljcs.vcproj", "{E2C258E0-041C-4ABB-9652-918084A27CD4}"
EndProject
Project("{8BC9CEB8-8B4A-11D0-8D11-00A0C91BC942}") = "plugin_engine", "extends\plugin_engine\plugin_engine.vcproj", "{44F803E0-12E8-4F44-8B7A-2FAB5DB9FEE3}"
EndProject
Global
	GlobalSection(SolutionConfigurationPlatforms) = preSolution
		Debug|Win32 = Debug|Win32
		Release|Win32 = Release|Win32
	EndGlobalSection
	GlobalSection(ProjectConfigurationPlatforms) = postSolution
		{B4C6ACCC-CA92-520F-4B58-EFA5F3BEB52E}.Debug|Win32.ActiveCfg = Debug|Win32
		{B4C6ACCC-CA92-520F-4B58-EFA5F3BEB52E}.Debug|Win32.Build.0 = Debug|Win32
		{B4C6ACCC-CA92-520F-4B58-EFA5F3BEB52E}.Release|Win32.ActiveCfg = Release|Win32
		{B4C6ACCC-CA92-520F-4B58-EFA5F3BEB52E}.Release|Win32.Build.0 = Release|Win32
		{E2C258E0-041C-4ABB-9652-918084A27CD4}.Debug|Win32.ActiveCfg = Debug|Win32
		{E2C258E0-041C-4ABB-9652-918084A27CD4}.Debug|Win32.Build.0 = Debug|Win32
		{E2C258E0-041C-4ABB-9652-918084A27CD4}.Release|Win32.ActiveCfg = Release|Win32
		{E2C258E0-041C-4ABB-9652-918084A27CD4}.Release|Win32.Build.0 = Release|Win32
		{44F803E0-12E8-4F44-8B7A-2FAB5DB9FEE3}.Debug|Win32.ActiveCfg = Debug|Win32
		{44F803E0-12E8-4F44-8B7A-2FAB5DB9FEE3}.Debug|Win32.Build.0 = Debug|Win32
		{44F803E0-12E8-4F44-8B7A-2FAB5DB9FEE3}.Release|Win32.ActiveCfg = Release|Win32
		{44F803E0-12E8-4F44-8B7A-2FAB5DB9FEE3}.Release|Win32.Build.0 = Release|Win32
	EndGlobalSection
	GlobalSection(SolutionProperties) = preSolution
		HideSolutionNode = FALSE
	EndGlobalSection
	GlobalSection(NestedProjects) = preSolution
		{E2C258E0-041C-4ABB-9652-918084A27CD4} = {1FA2A3CA-86BD-4F54-8D1E-67A9EECC4182}
		{44F803E0-12E8-4F44-8B7A-2FAB5DB9FEE3} = {1FA2A3CA-86BD-4F54-8D1E-67A9EECC4182}
	EndGlobalSection
EndGlobal
