
Microsoft Visual Studio Solution File, Format Version 9.00
# Visual Studio 2005
Project("{8BC9CEB8-8B4A-11D0-8D11-00A0C91BC942}") = "ljed_ljcs", "plugins\ljed_ljcs\ljed_ljcs.vcproj", "{1A842C6D-9192-4EB0-9AAA-42C27F7304BF}"
EndProject
Project("{8BC9CEB8-8B4A-11D0-8D11-00A0C91BC942}") = "ljedit", "ljeditor.vcproj", "{BAC6AC92-CC4C-420F-B558-3BFB52EEFA5F}"
EndProject
Project("{8BC9CEB8-8B4A-11D0-8D11-00A0C91BC942}") = "ljed_hello", "plugins\ljed_hello\ljed_hello.vcproj", "{D77D6745-D892-45BD-96D8-DC71F66DA125}"
EndProject
Global
	GlobalSection(SolutionConfigurationPlatforms) = preSolution
		Debug|Win32 = Debug|Win32
		Release|Win32 = Release|Win32
	EndGlobalSection
	GlobalSection(ProjectConfigurationPlatforms) = postSolution
		{1A842C6D-9192-4EB0-9AAA-42C27F7304BF}.Debug|Win32.ActiveCfg = Debug|Win32
		{1A842C6D-9192-4EB0-9AAA-42C27F7304BF}.Debug|Win32.Build.0 = Debug|Win32
		{1A842C6D-9192-4EB0-9AAA-42C27F7304BF}.Release|Win32.ActiveCfg = Release|Win32
		{1A842C6D-9192-4EB0-9AAA-42C27F7304BF}.Release|Win32.Build.0 = Release|Win32
		{BAC6AC92-CC4C-420F-B558-3BFB52EEFA5F}.Debug|Win32.ActiveCfg = Debug|Win32
		{BAC6AC92-CC4C-420F-B558-3BFB52EEFA5F}.Debug|Win32.Build.0 = Debug|Win32
		{BAC6AC92-CC4C-420F-B558-3BFB52EEFA5F}.Release|Win32.ActiveCfg = Release|Win32
		{BAC6AC92-CC4C-420F-B558-3BFB52EEFA5F}.Release|Win32.Build.0 = Release|Win32
		{D77D6745-D892-45BD-96D8-DC71F66DA125}.Debug|Win32.ActiveCfg = Debug|Win32
		{D77D6745-D892-45BD-96D8-DC71F66DA125}.Debug|Win32.Build.0 = Debug|Win32
		{D77D6745-D892-45BD-96D8-DC71F66DA125}.Release|Win32.ActiveCfg = Release|Win32
		{D77D6745-D892-45BD-96D8-DC71F66DA125}.Release|Win32.Build.0 = Release|Win32
	EndGlobalSection
	GlobalSection(SolutionProperties) = preSolution
		HideSolutionNode = FALSE
	EndGlobalSection
EndGlobal
